
Microsoft Visual Studio Solution File, Format Version 12.00
# Visual Studio Version 17
VisualStudioVersion = 17.13.35825.156 d17.13
MinimumVisualStudioVersion = 10.0.40219.1
Project("{8BC9CEB8-8B4A-11D0-8D11-00A0C91BC942}") = "webfilter", "webfilter.vcxproj", "{63A08D6E-95A2-7807-3FC8-04E9624FE90A}"
EndProject
Global
	GlobalSection(SolutionConfigurationPlatforms) = preSolution
		Release|x64 = Release|x64
		Release|x86 = Release|x86
	EndGlobalSection
	GlobalSection(ProjectConfigurationPlatforms) = postSolution
		{63A08D6E-95A2-7807-3FC8-04E9624FE90A}.Release|x64.ActiveCfg = Release|x64
		{63A08D6E-95A2-7807-3FC8-04E9624FE90A}.Release|x64.Build.0 = Release|x64
		{63A08D6E-95A2-7807-3FC8-04E9624FE90A}.Release|x86.ActiveCfg = Release|Win32
		{63A08D6E-95A2-7807-3FC8-04E9624FE90A}.Release|x86.Build.0 = Release|Win32
	EndGlobalSection
	GlobalSection(SolutionProperties) = preSolution
		HideSolutionNode = FALSE
	EndGlobalSection
	GlobalSection(ExtensibilityGlobals) = postSolution
		SolutionGuid = {A200731E-0685-4697-A65C-0F5DB79BA389}
	EndGlobalSection
EndGlobal
